
Microsoft Visual Studio Solution File, Format Version 12.00
# Visual Studio Version 16
VisualStudioVersion = 16.0.30114.105
MinimumVisualStudioVersion = 10.0.40219.1
Project("{FAE04EC0-301F-11D3-BF4B-00C04F79EFBC}") = "Figurkoder.WebApp", "Figurkoder.WebApp\Figurkoder.WebApp.csproj", "{B72A5A7B-5891-43DB-AEFD-5F3FF2E4A1F3}"
EndProject
Global
	GlobalSection(SolutionConfigurationPlatforms) = preSolution
		Debug|Any CPU = Debug|Any CPU
		Release|Any CPU = Release|Any CPU
	EndGlobalSection
	GlobalSection(ProjectConfigurationPlatforms) = postSolution
		{B72A5A7B-5891-43DB-AEFD-5F3FF2E4A1F3}.Debug|Any CPU.ActiveCfg = Debug|Any CPU
		{B72A5A7B-5891-43DB-AEFD-5F3FF2E4A1F3}.Debug|Any CPU.Build.0 = Debug|Any CPU
		{B72A5A7B-5891-43DB-AEFD-5F3FF2E4A1F3}.Release|Any CPU.ActiveCfg = Release|Any CPU
		{B72A5A7B-5891-43DB-AEFD-5F3FF2E4A1F3}.Release|Any CPU.Build.0 = Release|Any CPU
	EndGlobalSection
	GlobalSection(SolutionProperties) = preSolution
		HideSolutionNode = FALSE
	EndGlobalSection
	GlobalSection(ExtensibilityGlobals) = postSolution
		SolutionGuid = {377E7C12-B5D4-4724-A338-93F40F653C93}
	EndGlobalSection
EndGlobal
